
Microsoft Visual Studio Solution File, Format Version 12.00
# Visual Studio Version 16
VisualStudioVersion = 16.0.29324.140
MinimumVisualStudioVersion = 10.0.40219.1
Project("{9A19103F-16F7-4668-BE54-9A1E7A4F7556}") = "MyProject.Scheduler", "templates\MyProject.Scheduler\MyProject.Scheduler.csproj", "{8772629F-B57A-47CE-9AB5-598A53925D2B}"
EndProject
Project("{9A19103F-16F7-4668-BE54-9A1E7A4F7556}") = "MyProject.WindowsService", "templates\MyProject.WindowsService\MyProject.WindowsService.csproj", "{60CACC17-F345-49A1-B5C1-7D4B855CAFBD}"
EndProject
Global
	GlobalSection(SolutionConfigurationPlatforms) = preSolution
		Debug|Any CPU = Debug|Any CPU
		Release|Any CPU = Release|Any CPU
	EndGlobalSection
	GlobalSection(ProjectConfigurationPlatforms) = postSolution
		{8772629F-B57A-47CE-9AB5-598A53925D2B}.Debug|Any CPU.ActiveCfg = Debug|Any CPU
		{8772629F-B57A-47CE-9AB5-598A53925D2B}.Debug|Any CPU.Build.0 = Debug|Any CPU
		{8772629F-B57A-47CE-9AB5-598A53925D2B}.Release|Any CPU.ActiveCfg = Release|Any CPU
		{8772629F-B57A-47CE-9AB5-598A53925D2B}.Release|Any CPU.Build.0 = Release|Any CPU
		{60CACC17-F345-49A1-B5C1-7D4B855CAFBD}.Debug|Any CPU.ActiveCfg = Debug|Any CPU
		{60CACC17-F345-49A1-B5C1-7D4B855CAFBD}.Debug|Any CPU.Build.0 = Debug|Any CPU
		{60CACC17-F345-49A1-B5C1-7D4B855CAFBD}.Release|Any CPU.ActiveCfg = Release|Any CPU
		{60CACC17-F345-49A1-B5C1-7D4B855CAFBD}.Release|Any CPU.Build.0 = Release|Any CPU
	EndGlobalSection
	GlobalSection(SolutionProperties) = preSolution
		HideSolutionNode = FALSE
	EndGlobalSection
	GlobalSection(ExtensibilityGlobals) = postSolution
		SolutionGuid = {C09D895E-64C9-4E6A-B563-A7B7945A140F}
	EndGlobalSection
EndGlobal
